
Microsoft Visual Studio Solution File, Format Version 12.00
# Visual Studio 15
Project("{FAE04EC0-301F-11D3-BF4B-00C04F79EFBC}") = "icz_projects", "icz_projects\icz_projects.csproj", "{5BFF00C3-8917-4E50-9914-B4F8275AE777}"
EndProject
Global
	GlobalSection(SolutionConfigurationPlatforms) = preSolution
		Debug|Any CPU = Debug|Any CPU
		Release|Any CPU = Release|Any CPU
	EndGlobalSection
	GlobalSection(ProjectConfigurationPlatforms) = postSolution
		{5BFF00C3-8917-4E50-9914-B4F8275AE777}.Debug|Any CPU.ActiveCfg = Debug|Any CPU
		{5BFF00C3-8917-4E50-9914-B4F8275AE777}.Debug|Any CPU.Build.0 = Debug|Any CPU
		{5BFF00C3-8917-4E50-9914-B4F8275AE777}.Release|Any CPU.ActiveCfg = Release|Any CPU
		{5BFF00C3-8917-4E50-9914-B4F8275AE777}.Release|Any CPU.Build.0 = Release|Any CPU
	EndGlobalSection
EndGlobal
